// !$*UTF8*$!
{
	archiveVersion = 1;
	classes = {
	};
	objectVersion = 46;
	objects = {

/* Begin PBXBuildFile section */
		2A08C51B1CB34ABA008803A1 /* MapKit.framework in Frameworks */ = {isa = PBXBuildFile; fileRef = 2A08C51A1CB34ABA008803A1 /* MapKit.framework */; };
		2A08C51D1CB3572A008803A1 /* MapViewController.swift in Sources */ = {isa = PBXBuildFile; fileRef = 2A08C51C1CB3572A008803A1 /* MapViewController.swift */; };
		2A131ED91CAE331B006F9ED7 /* ConversionViewController.swift in Sources */ = {isa = PBXBuildFile; fileRef = 2A131ED81CAE331B006F9ED7 /* ConversionViewController.swift */; };
		2A3EC6351C4ECD020087C612 /* AppDelegate.swift in Sources */ = {isa = PBXBuildFile; fileRef = 2A3EC6341C4ECD020087C612 /* AppDelegate.swift */; };
		2A3EC63A1C4ECD020087C612 /* Main.storyboard in Resources */ = {isa = PBXBuildFile; fileRef = 2A3EC6381C4ECD020087C612 /* Main.storyboard */; };
		2A3EC63C1C4ECD020087C612 /* Assets.xcassets in Resources */ = {isa = PBXBuildFile; fileRef = 2A3EC63B1C4ECD020087C612 /* Assets.xcassets */; };
		2A3EC63F1C4ECD020087C612 /* LaunchScreen.storyboard in Resources */ = {isa = PBXBuildFile; fileRef = 2A3EC63D1C4ECD020087C612 /* LaunchScreen.storyboard */; };
/* End PBXBuildFile section */

/* Begin PBXFileReference section */
		2A08C51A1CB34ABA008803A1 /* MapKit.framework */ = {isa = PBXFileReference; lastKnownFileType = wrapper.framework; name = MapKit.framework; path = System/Library/Frameworks/MapKit.framework; sourceTree = SDKROOT; };
		2A08C51C1CB3572A008803A1 /* MapViewController.swift */ = {isa = PBXFileReference; fileEncoding = 4; lastKnownFileType = sourcecode.swift; path = MapViewController.swift; sourceTree = "<group>"; };
		2A131ED81CAE331B006F9ED7 /* ConversionViewController.swift */ = {isa = PBXFileReference; fileEncoding = 4; lastKnownFileType = sourcecode.swift; path = ConversionViewController.swift; sourceTree = "<group>"; };
		2A3EC6311C4ECD020087C612 /* WorldTrotter.app */ = {isa = PBXFileReference; explicitFileType = wrapper.application; includeInIndex = 0; path = WorldTrotter.app; sourceTree = BUILT_PRODUCTS_DIR; };
		2A3EC6341C4ECD020087C612 /* AppDelegate.swift */ = {isa = PBXFileReference; lastKnownFileType = sourcecode.swift; path = AppDelegate.swift; sourceTree = "<group>"; };
		2A3EC6391C4ECD020087C612 /* Base */ = {isa = PBXFileReference; lastKnownFileType = file.storyboard; name = Base; path = Base.lproj/Main.storyboard; sourceTree = "<group>"; };
		2A3EC63B1C4ECD020087C612 /* Assets.xcassets */ = {isa = PBXFileReference; lastKnownFileType = folder.assetcatalog; path = Assets.xcassets; sourceTree = "<group>"; };
		2A3EC63E1C4ECD020087C612 /* Base */ = {isa = PBXFileReference; lastKnownFileType = file.storyboard; name = Base; path = Base.lproj/LaunchScreen.storyboard; sourceTree = "<group>"; };
		2A3EC6401C4ECD020087C612 /* Info.plist */ = {isa = PBXFileReference; lastKnownFileType = text.plist.xml; path = Info.plist; sourceTree = "<group>"; };
/* End PBXFileReference section */

/* Begin PBXFrameworksBuildPhase section */
		2A3EC62E1C4ECD020087C612 /* Frameworks */ = {
			isa = PBXFrameworksBuildPhase;
			buildActionMask = 2147483647;
			files = (
				2A08C51B1CB34ABA008803A1 /* MapKit.framework in Frameworks */,
			);
			runOnlyForDeploymentPostprocessing = 0;
		};
/* End PBXFrameworksBuildPhase section */

/* Begin PBXGroup section */
		2A3EC6281C4ECD020087C612 = {
			isa = PBXGroup;
			children = (
				2A08C51A1CB34ABA008803A1 /* MapKit.framework */,
				2A131ED81CAE331B006F9ED7 /* ConversionViewController.swift */,
				2A3EC6331C4ECD020087C612 /* WorldTrotter */,
				2A3EC6321C4ECD020087C612 /* Products */,
			);
			sourceTree = "<group>";
		};
		2A3EC6321C4ECD020087C612 /* Products */ = {
			isa = PBXGroup;
			children = (
				2A3EC6311C4ECD020087C612 /* WorldTrotter.app */,
			);
			name = Products;
			sourceTree = "<group>";
		};
		2A3EC6331C4ECD020087C612 /* WorldTrotter */ = {
			isa = PBXGroup;
			children = (
				2A3EC6341C4ECD020087C612 /* AppDelegate.swift */,
				2A3EC6381C4ECD020087C612 /* Main.storyboard */,
				2A08C51C1CB3572A008803A1 /* MapViewController.swift */,
				2A3EC63B1C4ECD020087C612 /* Assets.xcassets */,
				2A3EC63D1C4ECD020087C612 /* LaunchScreen.storyboard */,
				2A3EC6401C4ECD020087C612 /* Info.plist */,
			);
			path = WorldTrotter;
			sourceTree = "<group>";
		};
/* End PBXGroup section */

/* Begin PBXNativeTarget section */
		2A3EC6301C4ECD020087C612 /* WorldTrotter */ = {
			isa = PBXNativeTarget;
			buildConfigurationList = 2A3EC6431C4ECD020087C612 /* Build configuration list for PBXNativeTarget "WorldTrotter" */;
			buildPhases = (
				2A3EC62D1C4ECD020087C612 /* Sources */,
				2A3EC62E1C4ECD020087C612 /* Frameworks */,
				2A3EC62F1C4ECD020087C612 /* Resources */,
			);
			buildRules = (
			);
			dependencies = (
			);
			name = WorldTrotter;
			productName = WorldTrotter;
			productReference = 2A3EC6311C4ECD020087C612 /* WorldTrotter.app */;
			productType = "com.apple.product-type.application";
		};
/* End PBXNativeTarget section */

/* Begin PBXProject section */
		2A3EC6291C4ECD020087C612 /* Project object */ = {
			isa = PBXProject;
			attributes = {
				LastUpgradeCheck = 0710;
				ORGANIZATIONNAME = "Seab Jackson";
				TargetAttributes = {
					2A3EC6301C4ECD020087C612 = {
						CreatedOnToolsVersion = 7.1;
						DevelopmentTeam = 86SYWTB5Q2;
					};
				};
			};
			buildConfigurationList = 2A3EC62C1C4ECD020087C612 /* Build configuration list for PBXProject "WorldTrotter" */;
			compatibilityVersion = "Xcode 3.2";
			developmentRegion = English;
			hasScannedForEncodings = 0;
			knownRegions = (
				en,
				Base,
			);
			mainGroup = 2A3EC6281C4ECD020087C612;
			productRefGroup = 2A3EC6321C4ECD020087C612 /* Products */;
			projectDirPath = "";
			projectRoot = "";
			targets = (
				2A3EC6301C4ECD020087C612 /* WorldTrotter */,
			);
		};
/* End PBXProject section */

/* Begin PBXResourcesBuildPhase section */
		2A3EC62F1C4ECD020087C612 /* Resources */ = {
			isa = PBXResourcesBuildPhase;
			buildActionMask = 2147483647;
			files = (
				2A3EC63F1C4ECD020087C612 /* LaunchScreen.storyboard in Resources */,
				2A3EC63C1C4ECD020087C612 /* Assets.xcassets in Resources */,
				2A3EC63A1C4ECD020087C612 /* Main.storyboard in Resources */,
			);
			runOnlyForDeploymentPostprocessing = 0;
		};
/* End PBXResourcesBuildPhase section */

/* Begin PBXSourcesBuildPhase section */
		2A3EC62D1C4ECD020087C612 /* Sources */ = {
			isa = PBXSourcesBuildPhase;
			buildActionMask = 2147483647;
			files = (
				2A131ED91CAE331B006F9ED7 /* ConversionViewController.swift in Sources */,
				2A08C51D1CB3572A008803A1 /* MapViewController.swift in Sources */,
				2A3EC6351C4ECD020087C612 /* AppDelegate.swift in Sources */,
			);
			runOnlyForDeploymentPostprocessing = 0;
		};
/* End PBXSourcesBuildPhase section */

/* Begin PBXVariantGroup section */
		2A3EC6381C4ECD020087C612 /* Main.storyboard */ = {
			isa = PBXVariantGroup;
			children = (
				2A3EC6391C4ECD020087C612 /* Base */,
			);
			name = Main.storyboard;
			sourceTree = "<group>";
		};
		2A3EC63D1C4ECD020087C612 /* LaunchScreen.storyboard */ = {
			isa = PBXVariantGroup;
			children = (
				2A3EC63E1C4ECD020087C612 /* Base */,
			);
			name = LaunchScreen.storyboard;
			sourceTree = "<group>";
		};
/* End PBXVariantGroup section */

/* Begin XCBuildConfiguration section */
		2A3EC6411C4ECD020087C612 /* Debug */ = {
			isa = XCBuildConfiguration;
			buildSettings = {
				ALWAYS_SEARCH_USER_PATHS = NO;
				CLANG_CXX_LANGUAGE_STANDARD = "gnu++0x";
				CLANG_CXX_LIBRARY = "libc++";
				CLANG_ENABLE_MODULES = YES;
				CLANG_ENABLE_OBJC_ARC = YES;
				CLANG_WARN_BOOL_CONVERSION = YES;
				CLANG_WARN_CONSTANT_CONVERSION = YES;
				CLANG_WARN_DIRECT_OBJC_ISA_USAGE = YES_ERROR;
				CLANG_WARN_EMPTY_BODY = YES;
				CLANG_WARN_ENUM_CONVERSION = YES;
				CLANG_WARN_INT_CONVERSION = YES;
				CLANG_WARN_OBJC_ROOT_CLASS = YES_ERROR;
				CLANG_WARN_UNREACHABLE_CODE = YES;
				CLANG_WARN__DUPLICATE_METHOD_MATCH = YES;
				"CODE_SIGN_IDENTITY[sdk=iphoneos*]" = "iPhone Developer";
				COPY_PHASE_STRIP = NO;
				DEBUG_INFORMATION_FORMAT = dwarf;
				ENABLE_STRICT_OBJC_MSGSEND = YES;
				ENABLE_TESTABILITY = YES;
				GCC_C_LANGUAGE_STANDARD = gnu99;
				GCC_DYNAMIC_NO_PIC = NO;
				GCC_NO_COMMON_BLOCKS = YES;
				GCC_OPTIMIZATION_LEVEL = 0;
				GCC_PREPROCESSOR_DEFINITIONS = (
					"DEBUG=1",
					"$(inherited)",
				);
				GCC_WARN_64_TO_32_BIT_CONVERSION = YES;
				GCC_WARN_ABOUT_RETURN_TYPE = YES_ERROR;
				GCC_WARN_UNDECLARED_SELECTOR = YES;
				GCC_WARN_UNINITIALIZED_AUTOS = YES_AGGRESSIVE;
				GCC_WARN_UNUSED_FUNCTION = YES;
				GCC_WARN_UNUSED_VARIABLE = YES;
				IPHONEOS_DEPLOYMENT_TARGET = 9.1;
				MTL_ENABLE_DEBUG_INFO = YES;
				ONLY_ACTIVE_ARCH = YES;
				SDKROOT = iphoneos;
				SWIFT_OPTIMIZATION_LEVEL = "-Onone";
			};
			name = Debug;
		};
		2A3EC6421C4ECD020087C612 /* Release */ = {
			isa = XCBuildConfiguration;
			buildSettings = {
				ALWAYS_SEARCH_USER_PATHS = NO;
				CLANG_CXX_LANGUAGE_STANDARD = "gnu++0x";
				CLANG_CXX_LIBRARY = "libc++";
				CLANG_ENABLE_MODULES = YES;
				CLANG_ENABLE_OBJC_ARC = YES;
				CLANG_WARN_BOOL_CONVERSION = YES;
				CLANG_WARN_CONSTANT_CONVERSION = YES;
				CLANG_WARN_DIRECT_OBJC_ISA_USAGE = YES_ERROR;
				CLANG_WARN_EMPTY_BODY = YES;
				CLANG_WARN_ENUM_CONVERSION = YES;
				CLANG_WARN_INT_CONVERSION = YES;
				CLANG_WARN_OBJC_ROOT_CLASS = YES_ERROR;
				CLANG_WARN_UNREACHABLE_CODE = YES;
				CLANG_WARN__DUPLICATE_METHOD_MATCH = YES;
				"CODE_SIGN_IDENTITY[sdk=iphoneos*]" = "iPhone Developer";
				COPY_PHASE_STRIP = NO;
				DEBUG_INFORMATION_FORMAT = "dwarf-with-dsym";
				ENABLE_NS_ASSERTIONS = NO;
				ENABLE_STRICT_OBJC_MSGSEND = YES;
				GCC_C_LANGUAGE_STANDARD = gnu99;
				GCC_NO_COMMON_BLOCKS = YES;
				GCC_WARN_64_TO_32_BIT_CONVERSION = YES;
				GCC_WARN_ABOUT_RETURN_TYPE = YES_ERROR;
				GCC_WARN_UNDECLARED_SELECTOR = YES;
				GCC_WARN_UNINITIALIZED_AUTOS = YES_AGGRESSIVE;
				GCC_WARN_UNUSED_FUNCTION = YES;
				GCC_WARN_UNUSED_VARIABLE = YES;
				IPHONEOS_DEPLOYMENT_TARGET = 9.1;
				MTL_ENABLE_DEBUG_INFO = NO;
				SDKROOT = iphoneos;
				VALIDATE_PRODUCT = YES;
			};
			name = Release;
		};
		2A3EC6441C4ECD020087C612 /* Debug */ = {
			isa = XCBuildConfiguration;
			buildSettings = {
				ASSETCATALOG_COMPILER_APPICON_NAME = AppIcon;
				INFOPLIST_FILE = WorldTrotter/Info.plist;
				LD_RUNPATH_SEARCH_PATHS = "$(inherited) @executable_path/Frameworks";
				PRODUCT_BUNDLE_IDENTIFIER = "Seab-Jackson.WorldTrotter";
				PRODUCT_NAME = "$(TARGET_NAME)";
			};
			name = Debug;
		};
		2A3EC6451C4ECD020087C612 /* Release */ = {
			isa = XCBuildConfiguration;
			buildSettings = {
				ASSETCATALOG_COMPILER_APPICON_NAME = AppIcon;
				INFOPLIST_FILE = WorldTrotter/Info.plist;
				LD_RUNPATH_SEARCH_PATHS = "$(inherited) @executable_path/Frameworks";
				PRODUCT_BUNDLE_IDENTIFIER = "Seab-Jackson.WorldTrotter";
				PRODUCT_NAME = "$(TARGET_NAME)";
			};
			name = Release;
		};
/* End XCBuildConfiguration section */

/* Begin XCConfigurationList section */
		2A3EC62C1C4ECD020087C612 /* Build configuration list for PBXProject "WorldTrotter" */ = {
			isa = XCConfigurationList;
			buildConfigurations = (
				2A3EC6411C4ECD020087C612 /* Debug */,
				2A3EC6421C4ECD020087C612 /* Release */,
			);
			defaultConfigurationIsVisible = 0;
			defaultConfigurationName = Release;
		};
		2A3EC6431C4ECD020087C612 /* Build configuration list for PBXNativeTarget "WorldTrotter" */ = {
			isa = XCConfigurationList;
			buildConfigurations = (
				2A3EC6441C4ECD020087C612 /* Debug */,
				2A3EC6451C4ECD020087C612 /* Release */,
			);
			defaultConfigurationIsVisible = 0;
			defaultConfigurationName = Release;
		};
/* End XCConfigurationList section */
	};
	rootObject = 2A3EC6291C4ECD020087C612 /* Project object */;
}
